{
  "name": "check_hacks",
  "version": "1.0.0",
  "lockfileVersion": 1,
  "requires": true,
  "dependencies": {
    "bignumber.js": {
      "version": "1.1.1",
      "resolved": "https://registry.npmjs.org/bignumber.js/-/bignumber.js-1.1.1.tgz",
      "integrity": "sha1-GkFdmsAUwTJWrx/u2dGj5XF6jPc="
    },
    "deep-extend": {
      "version": "0.6.0",
      "resolved": "https://registry.npmjs.org/deep-extend/-/deep-extend-0.6.0.tgz",
      "integrity": "sha512-LOHxIOaPYdHlJRtCQfDIVZtfw/ufM8+rVj649RIHzcm/vGwQRXFt6OPqIFWsm2XEMrNIEtWR64sY1LEKD2vAOA=="
    },
    "dogapi": {
      "version": "2.8.3",
      "resolved": "https://registry.npmjs.org/dogapi/-/dogapi-2.8.3.tgz",
      "integrity": "sha512-CzJIllAcv17H8hylyuljldJv+2EGal5+Fa+gsXFrXDo1zl8cq9jk7FDCXDqH4C/tPNAusS9ckV8wuBFtCiuTUg==",
      "requires": {
        "extend": "3.0.2",
        "json-bigint": "0.1.4",
        "lodash": "4.17.11",
        "minimist": "1.2.0",
        "rc": "1.2.8"
      }
    },
    "extend": {
      "version": "3.0.2",
      "resolved": "https://registry.npmjs.org/extend/-/extend-3.0.2.tgz",
      "integrity": "sha512-fjquC59cD7CyW6urNXK0FBufkZcoiGG80wTuPujX590cB5Ttln20E2UB4S/WARVqhXffZl2LNgS+gQdPIIim/g=="
    },
    "ini": {
      "version": "1.3.5",
      "resolved": "https://registry.npmjs.org/ini/-/ini-1.3.5.tgz",
      "integrity": "sha512-RZY5huIKCMRWDUqZlEi72f/lmXKMvuszcMBduliQ3nnWbx9X/ZBQO7DijMEYS9EhHBb2qacRUMtC7svLwe0lcw=="
    },
    "json-bigint": {
      "version": "0.1.4",
      "resolved": "https://registry.npmjs.org/json-bigint/-/json-bigint-0.1.4.tgz",
      "integrity": "sha1-tdQLipAJ6S8Vf3wHnbCXABgw4B4=",
      "requires": {
        "bignumber.js": "1.1.1"
      }
    },
    "lodash": {
      "version": "4.17.11",
      "resolved": "https://registry.npmjs.org/lodash/-/lodash-4.17.11.tgz",
      "integrity": "sha512-cQKh8igo5QUhZ7lg38DYWAxMvjSAKG0A8wGSVimP07SIUEK2UO+arSRKbRZWtelMtN5V0Hkwh5ryOto/SshYIg=="
    },
    "minimist": {
      "version": "1.2.0",
      "resolved": "http://registry.npmjs.org/minimist/-/minimist-1.2.0.tgz",
      "integrity": "sha1-o1AIsg9BOD7sH7kU9M1d95omQoQ="
    },
    "node-watch": {
      "version": "0.5.8",
      "resolved": "https://registry.npmjs.org/node-watch/-/node-watch-0.5.8.tgz",
      "integrity": "sha512-HXiCg9YS3IAzEJ4O3CNlUjsoYCxg4hVbo9oAEBQoiJV7p/R7PT6/ekXM9S3D2K3jUjSQOOjtuW/LgcSiwh/btQ=="
    },
    "rc": {
      "version": "1.2.8",
      "resolved": "https://registry.npmjs.org/rc/-/rc-1.2.8.tgz",
      "integrity": "sha512-y3bGgqKj3QBdxLbLkomlohkvsA8gdAiUQlSBJnBhfn+BPxg4bc62d8TcBW15wavDfgexCgccckhcZvywyQYPOw==",
      "requires": {
        "deep-extend": "0.6.0",
        "ini": "1.3.5",
        "minimist": "1.2.0",
        "strip-json-comments": "2.0.1"
      }
    },
    "strip-json-comments": {
      "version": "2.0.1",
      "resolved": "https://registry.npmjs.org/strip-json-comments/-/strip-json-comments-2.0.1.tgz",
      "integrity": "sha1-PFMZQukIwml8DsNEhYwobHygpgo="
    }
  }
}
